lockVersion: 2.0.0
id: 0dd544ca-3933-4c41-a5b5-b9a57ec94099
management:
  docChecksum: 1cb9905a1a9dc255d522dd76e138d6e4
  docVersion: 0.0.1
  speakeasyVersion: 1.708.2
  generationVersion: 2.811.4
  releaseVersion: 0.1.0
  configChecksum: 974133f3a0e2721c00372202e73cb5cf
  repoURL: https://github.com/firehydrant/firehydrant-mcp.git
  published: true
persistentEdits:
  generation_id: a562aa6b-7ec9-4f22-882d-d2dc16beed5f
  pristine_commit_hash: dfc1b582b3e0389e9178c5f9ba238a2df81b2755
  pristine_tree_hash: db3b1bb2c427970ad6636e7e50c6fcaceabb6d19
features:
  mcp-typescript:
    additionalDependencies: 0.1.0
    constsAndDefaults: 0.1.1
    core: 1.2.3
    defaultEnabledRetries: 0.1.0
    enumUnions: 0.1.0
    globalSecurity: 0.1.2
    globalSecurityCallbacks: 0.0.0
    globalServerURLs: 0.1.1
    nullables: 0.1.0
    responseFormat: 0.1.1
    retries: 0.1.0
    sdkHooks: 0.3.0
    unions: 0.2.0
trackedFiles:
  .dxtignore:
    id: 0ee1c4f92736
    last_write_checksum: sha1:0cbab1b303d9060f6324f6a9cddabe13c2cfa7c9
    pristine_git_object: 21eeace1d85822ffb013f6c0667a19f35c33cee0
  .gitattributes:
    id: 24139dae6567
    last_write_checksum: sha1:26d16d8297b104945139da8c25bd38feeaad3e25
    pristine_git_object: 113eead5093c17d43a46159132885318f281a68a
  .npmignore:
    id: aa70c1f807c3
    last_write_checksum: sha1:31ba03a712796b133695c4c410504b6824e09506
    pristine_git_object: 146d4cc4e80691410519da81c141ce381d30c265
  eslint.config.mjs:
    id: 461c8d07f6da
    last_write_checksum: sha1:576025302d3d8650f37276bc9075f6ade3842cc7
    pristine_git_object: 4f9e60a9462fc4def738d60c3aaadf8232ef185f
  manifest.json:
    id: ca642a226869
    last_write_checksum: sha1:4b5097a65cf454ae6440e090c47fd08847ec83f8
    pristine_git_object: caa0b087cc86583919eaed0e310fa01ea8bfa3dc
  package.json:
    id: 7030d0b2f71b
    last_write_checksum: sha1:2c3900effc69add54b2662ec5d8e4d6840396c85
    pristine_git_object: 8ba296387d526ec37b38e59694b6378d4cbc40cd
  src/core.ts:
    id: f431fdbcd144
    last_write_checksum: sha1:06da1e4774afba1db41952aec33c2dc0e872b809
    pristine_git_object: 7b0c1dd13d4e72ff3b36b5c32593e4f2b4ab1021
  src/funcs/alertsListAlerts.ts:
    id: 04178d96e7d7
    last_write_checksum: sha1:dc56ca91ade61a8628cc203f2bc007d04f16c9cc
    pristine_git_object: e869447b9bd55d323bc634d1b3fcfd6a14d94356
  src/funcs/incidentsCreateIncident.ts:
    id: 5588cf9f09ae
    last_write_checksum: sha1:d21250312ae531368e7e4e740653d04a45cb3833
    pristine_git_object: 28aaebec9fe7492826aa6443e6b97e5554d9c649
  src/funcs/incidentsListIncidents.ts:
    id: d2c8a7010e6c
    last_write_checksum: sha1:5a3c1ffd9615edaaa8a1439638dd8ced7aecc7f0
    pristine_git_object: b66288226176eabb6a2caaf955eacf5831ba248e
  src/funcs/retrospectivesListIncidentRetrospectives.ts:
    id: 3757dcbfd393
    last_write_checksum: sha1:15f635b2c6e771e6efbca48a3bd1de8e77152565
    pristine_git_object: 27eb40b01cc6dea3493ade43085ac851d6ef254e
  src/funcs/retrospectivesUpdateIncidentRetrospectiveField.ts:
    id: ae5298417dbf
    last_write_checksum: sha1:96f755920c73edd80fd383e8c263a5cf01aadf0f
    pristine_git_object: dbe515469903fc42ba0e4946c327aac60edec0c4
  src/hooks/hooks.ts:
    id: a2463fc6f69b
    last_write_checksum: sha1:327ed0fa581be991d633155a30a13e502caa80ef
    pristine_git_object: 7709c66d855a856043daf58e863129c4dd437b6f
  src/hooks/types.ts:
    id: 2a02d86ec24f
    last_write_checksum: sha1:27a3444c4839bec58ae89820fd8c2483edafc3f4
    pristine_git_object: 9c36bf01332084f735909a71036c3544cc4c7e3a
  src/landing-page.ts:
    id: ef64a6ee46d7
    last_write_checksum: sha1:4e71a9cfd2810ec6c5ef1663cd3a805e5634fa32
    pristine_git_object: 38ac9f887a14db15021f862553d463106b3c3cd3
  src/lib/base64.ts:
    id: "598522066688"
    last_write_checksum: sha1:e9f04a037018040361043104960982f7c22db52d
    pristine_git_object: d4bd8b341290e7a828a171d840bd0b0fff7c7cd7
  src/lib/config.ts:
    id: 320761608fb3
    last_write_checksum: sha1:72fff5728df2d662444479ca13ec3b7752548736
    pristine_git_object: 7082dec27c68d591c7711d917a0951c457e08dbd
  src/lib/dlv.ts:
    id: b1988214835a
    last_write_checksum: sha1:1dd3e3fbb4550c4bf31f5ef997faff355d6f3250
    pristine_git_object: e81091f5e536f82739f71379b1fddc2d147c49e2
  src/lib/encodings.ts:
    id: 3bd8ead98afd
    last_write_checksum: sha1:ecc418096148bd0a91ca92fd5cd732d7e01e806b
    pristine_git_object: c769289fec267954248871163847262f065f1e8b
  src/lib/files.ts:
    id: e5efa54fcb95
    last_write_checksum: sha1:d0f325f445b8d22e7d73baf052c585ec2dd24841
    pristine_git_object: 0344cd046d033f9e8a55de02f7935c5cec5dc30b
  src/lib/http.ts:
    id: 63a80782d37e
    last_write_checksum: sha1:797cbf16d3c7c4d62d3ba0eedb08617524938457
    pristine_git_object: 13cf1fd7894a89f727b8d2db2ad24313a94f68c7
  src/lib/is-plain-object.ts:
    id: b9862591096a
    last_write_checksum: sha1:df687f25a9590b6fd95d39df41a652ae3fd4e517
    pristine_git_object: 61070d3d7c7e5e95b1ed7e7ea21869eb0767db77
  src/lib/logger.ts:
    id: 7ee7741a02bf
    last_write_checksum: sha1:0ec9d3a2a34c362746b767e4f9a746c055d57a7b
    pristine_git_object: d181f2937d4128afbe9b0327e0f81d1fa9c877b7
  src/lib/matchers.ts:
    id: d54b2253b719
    last_write_checksum: sha1:595f63f2a10c6999a616521fa8d00768dd9ff09e
    pristine_git_object: 8ab970f93cc431d9bef1073f4bb57f21d59e2787
  src/lib/primitives.ts:
    id: 74859f750b28
    last_write_checksum: sha1:d5fbb4e2feef5747fc8071046bdd4122c87bd066
    pristine_git_object: 668ab9d500d77bee730a619c5fda4a1d3cd1d16c
  src/lib/result.ts:
    id: ab7a4c1c4c71
    last_write_checksum: sha1:d24994d58f37a1ca106847fcc6d2e976c6f1c093
    pristine_git_object: ccbe51eac69dfb0da5131f14fd753c4b47c1d527
  src/lib/retries.ts:
    id: b24a69d15639
    last_write_checksum: sha1:f3da74dffcbe2756c69393f8600205aa1dc06e68
    pristine_git_object: e3ce9aba72150fc3c18f3105d39b21aba809377b
  src/lib/schemas.ts:
    id: deb4b531fae1
    last_write_checksum: sha1:7c7ba40781682f6d44bb585b5016e2527b52660e
    pristine_git_object: 542d9972403c5bc4aa70619f8c4b0af3ef2ce679
  src/lib/sdks.ts:
    id: 8a6d91f1218d
    last_write_checksum: sha1:2be2abf6cc046a8de887e87f2423fc3f1455726d
    pristine_git_object: 366041fbd9443cdbe0eb258b5f4bee8d594dd6e4
  src/lib/security.ts:
    id: 0502afa7922e
    last_write_checksum: sha1:5256c0e2d7775f7a2ac538bdbcc221a5e852154c
    pristine_git_object: 30ed2952732d138ee282b3bded157f9cc48cd72d
  src/lib/url.ts:
    id: b0057e24ed76
    last_write_checksum: sha1:9550819577dc1e514e61496167aefcc137238aaf
    pristine_git_object: 6bc6356e222c4f2c20fda5616e00be6dadfa80f8
  src/mcp-server/build.mts:
    id: f7a2ed2de4d7
    last_write_checksum: sha1:9f98fe2b333bd6211cfffa008a9b6ee95d523596
    pristine_git_object: e8114fbaed6521c628b7cf58a22cdb65e61a5483
  src/mcp-server/cli.ts:
    id: 4ade0ef98b00
    last_write_checksum: sha1:7331efddde881832342fa8779d23be7445d4480c
    pristine_git_object: b878d8de9f2a0275c3cdbfdcaed48a31092e558a
  src/mcp-server/cli/start/command.ts:
    id: b3e53408ccb4
    last_write_checksum: sha1:a3844bf8b0b78d9aec6e5a7191a5a8c3c5f5fc4a
    pristine_git_object: b9994ff011501d7d75b88df1cd00f8724d3622b3
  src/mcp-server/cli/start/impl.ts:
    id: 37494f674015
    last_write_checksum: sha1:27d8abfab08dc9a94d542f4c8ceeab241f6ee88e
    pristine_git_object: 2fc2eec241c551c22df89786e9116fd9d088ff88
  src/mcp-server/console-logger.ts:
    id: 57aff4ff2e15
    last_write_checksum: sha1:0c4b9b7c79ad0a81359210cb31b9ee4d887d5de1
    pristine_git_object: 640bca96dc5acf142b0a25dedad7ffb5d55c6375
  src/mcp-server/extensions.ts:
    id: 3d9d20ff158f
    last_write_checksum: sha1:27de1e2b8aaedc8965d1d4c4d4c500df1f28b483
    pristine_git_object: 78394e413ea070824f370b829eaf1416883e6680
  src/mcp-server/flags.ts:
    id: 0167e624a516
    last_write_checksum: sha1:68a40ceeb7ef9f540e3060cc0b63cbafe53adca5
    pristine_git_object: 4c96149f60025d9f3d5555961200b27ab86d6ce9
  src/mcp-server/mcp-server.ts:
    id: aabbc4ab07c1
    last_write_checksum: sha1:c60bbca308826546d60250db994bd9b37ebb7f07
    pristine_git_object: 549dc47b46472e4b00fdc5461b976e6117ba36fb
  src/mcp-server/prompts.ts:
    id: 26f3d73cbf31
    last_write_checksum: sha1:2ce2eb360aa2b2e77079bc2b707dbb649efbc87c
    pristine_git_object: 5c1c2c0ed246ddf9fe1889ef13d6d770bca83bf6
  src/mcp-server/resources.ts:
    id: cb0c57ebeaea
    last_write_checksum: sha1:9d8e4a8313279dbaf0262593c16b7059608cb597
    pristine_git_object: 3ada9ef941f6ab4e555da689ccf7a5abe310ad8e
  src/mcp-server/scopes.ts:
    id: 8966d24256b2
    last_write_checksum: sha1:c3049445638436e8b00ec1b95753a5f26b538184
    pristine_git_object: cb8330e4ae705d283de6ab337eefd3b4b8191fca
  src/mcp-server/server.ts:
    id: 2784dd48e82a
    last_write_checksum: sha1:a9cadaab5bb50eb6f5648d3a17c1686d0945135c
    pristine_git_object: 00fc5ed121dbc6108be187e4bd9dc87f9769c22a
  src/mcp-server/shared.ts:
    id: 074e80d4be1e
    last_write_checksum: sha1:19c9034032819a14f15c430de4350c8aba99d725
    pristine_git_object: bb74a74788ebd7d11262f5f63b8fdd29ab817f48
  src/mcp-server/tools.ts:
    id: 654d5d1f2062
    last_write_checksum: sha1:a89fbd18a0a56592854bbc514a2124f339878dc5
    pristine_git_object: a01b79e6af06b46ab14b92319f4d3fc87e4ec13b
  src/mcp-server/tools/alertsListAlerts.ts:
    id: 42da0380b4c0
    last_write_checksum: sha1:a56792573fdd12ecee5e2067b9923d1d62e50357
    pristine_git_object: dd877af94e94e86c54cce1c6f6aa88f43aaa29e5
  src/mcp-server/tools/incidentsCreateIncident.ts:
    id: 08fd05fb223e
    last_write_checksum: sha1:703722a90fcb16d838e09bfced65eeae0d4fb1ae
    pristine_git_object: 320f4d9be776c382488727e42f8e57b999be81f5
  src/mcp-server/tools/incidentsListIncidents.ts:
    id: 10bc6bf9b4a1
    last_write_checksum: sha1:3a695718470ef66d246444d18e7aed999ad617a3
    pristine_git_object: 0fd40ece84e1b1ad2d6354a905f8d6db61c6b3db
  src/mcp-server/tools/retrospectivesListIncidentRetrospectives.ts:
    id: 251985fe411b
    last_write_checksum: sha1:6a8d9ebfccad375d6cc2d0ef73fe461b61ca7f8f
    pristine_git_object: 532e6c00c02349a98d7e1721b6a7d51d9cae0c81
  src/mcp-server/tools/retrospectivesUpdateIncidentRetrospectiveField.ts:
    id: 9a5b228aa511
    last_write_checksum: sha1:6454cdc40d82eb75386965c2f0c1910df00cc382
    pristine_git_object: 3a90ea1260639de5cb1e1e942052815f567aa8bb
  src/models/alertsalertentity.ts:
    id: d415929d466b
    last_write_checksum: sha1:762f488685e946a3d901ed43e041329f269abf9e
    pristine_git_object: 3554ac09f4fb2e096a6e276c4c39053a9614fb2b
  src/models/alertsalertentitypaginated.ts:
    id: 573a551b1dbb
    last_write_checksum: sha1:d6b77aa650a7afc5f6083860f51a562eb04b4ea6
    pristine_git_object: d3b93922d824e346aadb49e1d12db2ed03bd0164
  src/models/alertssirenalertentity.ts:
    id: 135813a5332a
    last_write_checksum: sha1:420ec795dc328701a388488794719ee4d0b80b57
    pristine_git_object: db5363fc20a21e2fe996820f24c70a15ff40d51e
  src/models/alertssirenevententity.ts:
    id: 495b7f824cc8
    last_write_checksum: sha1:f798eb80e566b9457c56695a0b17db6063c3cdf4
    pristine_git_object: 7b118acca7d0dcf8c555d891a0cb10be42f9dfa6
  src/models/authorentity.ts:
    id: feddc719692d
    last_write_checksum: sha1:a3bcc9b7018a097576f8faebbf026ce199c3341b
    pristine_git_object: 649a9cab3d6639a09bc737ad6d2598ca160259c4
  src/models/conversationsapientitiesreference.ts:
    id: cd9798d1f722
    last_write_checksum: sha1:4051b670c658e1e367140e4caebb86228f5220c6
    pristine_git_object: c2d9760d0cfc24df460af38330ad849800a3993a
  src/models/createincident.ts:
    id: 78a29680e88d
    last_write_checksum: sha1:6ef199452f7bbfd01c1ddaa5ae1b4c9dbc5b9f3f
    pristine_git_object: c8f9d86053de1818a116fa73b753343c52878cfb
  src/models/createincidentop.ts:
    id: 5d56d9eaaa8d
    last_write_checksum: sha1:de5697ca505fd03c3200cb3bfac35d58a719b438
    pristine_git_object: 8a053b8763a395c4045857431fbc7cb1f5a845db
  src/models/customfieldsfieldvalue.ts:
    id: a87fda8289a3
    last_write_checksum: sha1:fb91b4abdc9c15434c837468ffd5bd109b4d9eb5
    pristine_git_object: dc2fec211b0affd243b1854143caf8303194095e
  src/models/errors/apierror.ts:
    id: e2280e075454
    last_write_checksum: sha1:1a4199dec47757c19b2e88dbd767d7f24ab9522a
    pristine_git_object: 7e098c1187dbd81288c0d2cd8802dfff25a295bf
  src/models/errors/httpclienterrors.ts:
    id: 6948de76af99
    last_write_checksum: sha1:994ced121c54fecd0af038ccfb7855fbfd3868ec
    pristine_git_object: b34f612124c797c2a1106b9735708f679a90b74f
  src/models/errors/sdkvalidationerror.ts:
    id: fb6b2b49c445
    last_write_checksum: sha1:ce8bb73a1243f8ea8fa3b71a181e586e29dd02c9
    pristine_git_object: 7749cf32c29ba2d44124253d9f07fbb1913b89f6
  src/models/incidententity.ts:
    id: 292d4e8456b2
    last_write_checksum: sha1:2da2bcf1bcad7f551e71b670392cf141bd111fc3
    pristine_git_object: 647d20b4a4b531ccba8a20924813184e135cda94
  src/models/incidententityfieldrequiremententity.ts:
    id: 110e59e8c044
    last_write_checksum: sha1:a5fda27cf9d45e3370ac38f32d3b07cd20d40b0a
    pristine_git_object: c27bd1871acb5a518e99ddae98b79d46b07ce6a3
  src/models/incidententitypaginated.ts:
    id: 1efb5461eac9
    last_write_checksum: sha1:b35e8d92936b74cd26deaf39a045e363befc11a7
    pristine_git_object: 1871c360d6299ac28a0dc7d6b150b080bff15ee8
  src/models/incidentschannelentity.ts:
    id: 35cd2f4a7216
    last_write_checksum: sha1:2113dc1b96e651d4addbb17b7c0ee8d4b69a7558
    pristine_git_object: 3d69bc46560577e4f9b78ee24c8e507221ee0fc7
  src/models/incidentsconferencebridgeentity.ts:
    id: 068fb5268ebb
    last_write_checksum: sha1:17807d0ef5d9cad05635c0f67243b0463c1ac7cf
    pristine_git_object: d03ff43801ad8b29a4254bea1d5ecd90a1703513
  src/models/incidentsimpactentity.ts:
    id: 7eb91fa403e0
    last_write_checksum: sha1:284c575096138c8637492d3c7ec50ec08c973487
    pristine_git_object: c4455f3604b626ea99fd1ee30c7d62dea3fcf4d9
  src/models/incidentslifecyclemeasuremententity.ts:
    id: f60733c17e39
    last_write_checksum: sha1:d720f3e0bea0effff4f9bd1a0607509a935c6aee
    pristine_git_object: 0ff5b824fa396e6b918b865afbdb304f8e936195
  src/models/incidentslifecyclemilestoneentity.ts:
    id: 37fb308f72c7
    last_write_checksum: sha1:0b020a876c3d0b69b68fb11da3b52c960021ee3c
    pristine_git_object: ea14cb1b2b572afc3ede7e070ad252e68c8febb6
  src/models/incidentslifecyclephaseentity.ts:
    id: cd660d42560f
    last_write_checksum: sha1:3422663457264a9c83b36158594eb133f93c117a
    pristine_git_object: b064143a85f58f9d195b6795ee5ed7e46fadadd5
  src/models/incidentsmilestoneentity.ts:
    id: 48b6a0baddf9
    last_write_checksum: sha1:4aadf9cd27d303d6dc9f23b25a8c773142a1baac
    pristine_git_object: ad3a4623667ae5c607886320d6a39f23be058b4c
  src/models/incidentsretrospectiveentity.ts:
    id: 3512ba0579d3
    last_write_checksum: sha1:d7ddb472a428186e304ab959fc59636e70e1f042
    pristine_git_object: 20281a31943a6dd78b012c7e21659ac0de10a08d
  src/models/incidentsretrospectiveentitypaginated.ts:
    id: 77bc72038769
    last_write_checksum: sha1:e3e25b690828cdf7a8c6a5f4296b9487395b086c
    pristine_git_object: 94ef05d038bb03ccc1015192b068ba317cace102
  src/models/incidentsretrospectiveentitysectionentity.ts:
    id: 8a297d40be95
    last_write_checksum: sha1:4ce8dfd70049e3c3cc496eb4dc1ffcde56debfb3
    pristine_git_object: 9eba91d0bff124cd3cb623b1b8f3bcf4a03a4371
  src/models/incidentsretrospectivefieldentity.ts:
    id: 67543dc2d961
    last_write_checksum: sha1:bd293868b7b3f96c530e2ff107768a8d2c1a90fd
    pristine_git_object: b76405a43e0103c6f91ea85978994c8b786320fe
  src/models/incidentsroleassignmententity.ts:
    id: d52a1d87540d
    last_write_checksum: sha1:f7fb643bad8dfc11117980f1af9a4a1b6d8903b3
    pristine_git_object: 591eeacc02ae1091f2f72b70b96e3f7e1d116386
  src/models/incidentsstatuspageentity.ts:
    id: 55570c55d89e
    last_write_checksum: sha1:64a0438904977dc50881a333f4771cb3b3f00d08
    pristine_git_object: 3bc6dd4757085189e0f1d38ac8604d8a20b45bd1
  src/models/incidentsteamassignmententitylite.ts:
    id: a683b63ffbd8
    last_write_checksum: sha1:7350c9d9094cacaa8c4230de3f43210b8bf767bf
    pristine_git_object: 4e56af06dd8b385fbe38baebc14a2092a2e8c8e2
  src/models/listalertsop.ts:
    id: 28d0bde8b52d
    last_write_checksum: sha1:2f06387083d8d1605f386d0ed563b834781bb056
    pristine_git_object: bc56327645f964e96f6d01adce7c3749197ce599
  src/models/listincidentretrospectivesop.ts:
    id: 6a44e1a78976
    last_write_checksum: sha1:e03d7821e60726ed1c2bdb23e4c031380a55a88f
    pristine_git_object: 9da3f42995cef6a6d0e4916170ee308092cb16a6
  src/models/listincidentsop.ts:
    id: 99d0443dca31
    last_write_checksum: sha1:ad620742e15781c581275dc1b5552ea6559d18d8
    pristine_git_object: 75a3e042a269303d4494e058f28ad95c6dc966e1
  src/models/nullableattachmentslinkentity.ts:
    id: 03ef8675c52f
    last_write_checksum: sha1:4cfa16eff8f58572bf8b955a3d2801540ef620cd
    pristine_git_object: f48b33928e99ceefd0ea77342d43a422c8aa95ca
  src/models/nullableauthorentity.ts:
    id: c5d234abc2b0
    last_write_checksum: sha1:4ea9d567d1187bf599edc71c0d176d5c0cb8bc48
    pristine_git_object: 6f44b802dbd65cc0f1b719312b669f2ed1704d3d
  src/models/nullableconversationsapientitieschannel.ts:
    id: 42b9d005ec09
    last_write_checksum: sha1:7a97c1c0fdcac867d240434ce1e7ce372f1d7585
    pristine_git_object: c98fc3ef52678e58590298ab8e3e29b749e2c136
  src/models/nullableeventnoteentity.ts:
    id: b83a2dbc4a2a
    last_write_checksum: sha1:777c3eae61e985d7f1e175e30848725e29f3156f
    pristine_git_object: 064cc1ae9984844dae052a922c7d962a884d42fd
  src/models/nullableincidentroleentity.ts:
    id: fdaa4d1508e2
    last_write_checksum: sha1:08ccf6827f56653a5c11fcc2edaee2c73810a95f
    pristine_git_object: 75d6608d2af50aaee46305d1f424ce27ff681b5e
  src/models/nullableincidentscontextobjectentity.ts:
    id: cda2fdfefa23
    last_write_checksum: sha1:ab908d30d564844dd756002c1ee29a191cdbb30a
    pristine_git_object: a8576c9ca271a678075e2fc94284beae396b531a
  src/models/nullableintegrationentity.ts:
    id: e30d45d8d814
    last_write_checksum: sha1:182e2e1f8c6cc1121980025a7801b8c0d3e41259
    pristine_git_object: 4ba65a46da7f54ff8d73bae33fca60b0e01c450b
  src/models/nullableorganizationentity.ts:
    id: 8d9a42ee5c87
    last_write_checksum: sha1:30e30efe8cdd27a52555b9ccb56406bd0a74a0e9
    pristine_git_object: 8ecb7556229810e19202f3dd832e26f75367d058
  src/models/nullablepaginationentity.ts:
    id: f7a9c8311198
    last_write_checksum: sha1:793c89b57475180f47497c3eafb4c7690d8eaabc
    pristine_git_object: 827cf8ff0ab53af8d268abcb0b600606ccc5e428
  src/models/nullableseveritymatrixconditionentity.ts:
    id: "757595411691"
    last_write_checksum: sha1:c5bf3a56c630ffb78bc334e5099d8c0a9e94ea47
    pristine_git_object: 292bb6f674b7ab428bf6a132c77079309f822440
  src/models/nullableseveritymatriximpactentity.ts:
    id: 6639f147de5b
    last_write_checksum: sha1:966a59131188adb6fa90689bf2f9062bd4440219
    pristine_git_object: 9fb87ec9d8468b6d2005dfae64d163c90fa27289
  src/models/nullablesignalsapiruleentity.ts:
    id: 41a77b5505af
    last_write_checksum: sha1:2881d0c91038fb4421a1285cf47070e16ba596d1
    pristine_git_object: 5e7f0000a4d329c1e2f713d31412ef313f23de4a
  src/models/nullablesignalsapitargetentity.ts:
    id: c47cb6a3866d
    last_write_checksum: sha1:0b1baa5fb201b4179498160bb98936e6ddb66fae
    pristine_git_object: 719574a6eac816ef2dc682ee00c6ff21fd7d3347
  src/models/nullablesuccinctentity.ts:
    id: 9dd68eb3bd1e
    last_write_checksum: sha1:9de18f82c351081ae75be4dbc3a82c7fb00d8876
    pristine_git_object: 80f1be2bb08162c1903874ed52d63c1e94bcbd39
  src/models/nullableteamentitylite.ts:
    id: a35ea5b8d271
    last_write_checksum: sha1:73ec344c2a655600f55147919a18a5b73f6470f9
    pristine_git_object: 9e336f5f5e05debbe5147b0252fc885839ac637b
  src/models/nullableticketingpriorityentity.ts:
    id: b88310437f94
    last_write_checksum: sha1:2659eaf117834ad16b879f28219811c0a139c14f
    pristine_git_object: 68690cf76f967b3f280208ec2c8427a3514e959a
  src/models/nullableticketingticketentity.ts:
    id: f63bf4a9f3a5
    last_write_checksum: sha1:d77f341c769d03f4662359128deca335eaede771
    pristine_git_object: 2fe4bd8a9939f444fd81a9794ec27e37230f0278
  src/models/nullableuserentity.ts:
    id: a8e3e32f258c
    last_write_checksum: sha1:b77a47b32beab8a4087b7dbfa3959126add8b2cf
    pristine_git_object: 53ad6a3106caf108d28227c3a6bbd3bfb6ee3c84
  src/models/publicapiv1incidentssuccinctentity.ts:
    id: 60d4b6dde88a
    last_write_checksum: sha1:53f725514f09389caf6364a818e44b31c2e4a325
    pristine_git_object: a818d78e4055955c4857b5fb8fc409e8ea9a1f9e
  src/models/security.ts:
    id: d90c6c784ca5
    last_write_checksum: sha1:66173176b7a95ce382f0d10a8beffce96d0f57df
    pristine_git_object: a0ef890ff3ca778db88f32e8e11cde4431e808d9
  src/models/signalsapinotificationpolicyitemcomplianceentity.ts:
    id: c6d18b334341
    last_write_checksum: sha1:64b5b588ff6533df6f82c2ee9cb7c70217acbd8e
    pristine_git_object: 83dd4e07a5b4667f3300ba4b677de7f7f8bccb1b
  src/models/succinctentity.ts:
    id: bc0368aa061b
    last_write_checksum: sha1:f66a686c7f8951164b72e4bf0caff60fa8ed9a88
    pristine_git_object: a2d85fba5a4bdb606f4b3953fb34befd47a73f89
  src/models/ticketingcustomfieldsfieldvalue.ts:
    id: 620c66d0aafd
    last_write_checksum: sha1:f452867e448d4832c1d3f28e1ff10c895e0b54b3
    pristine_git_object: d57838477e637ae6dd16fae881f320dffa520420
  src/models/ticketingticketentity.ts:
    id: 0a261a93f0f6
    last_write_checksum: sha1:ea5e97b6c84792e6247f4f3c4f3f123f51c16c5e
    pristine_git_object: af4061b0f854917268938a1b56d837f4cb97ad4c
  src/models/updateincidentretrospectivefield.ts:
    id: b14042c80373
    last_write_checksum: sha1:39811995edd0e95f78e9b500eabe3741e58ca35b
    pristine_git_object: 35562fd80beb9d59492cedcee4059eab4f35d91c
  src/models/updateincidentretrospectivefieldop.ts:
    id: 5bbcbbf73a3f
    last_write_checksum: sha1:0dbf3fb0506f6fde02d3498324ae9e1524516fa1
    pristine_git_object: 166fccf4e5d5181a63ba57fac0b8e32bc7957ed5
  src/tool-names.ts:
    id: a9977280f9eb
    last_write_checksum: sha1:236a27626026970fd5af731a70899e91bfdf1e26
    pristine_git_object: cad446fcfe7bc406627656169b48a35e3d051a83
  src/types/async.ts:
    id: fac8da972f86
    last_write_checksum: sha1:3ff07b3feaf390ec1aeb18ff938e139c6c4a9585
    pristine_git_object: 689dba5de50e8769e5f3bb913e3f42a146d15bc1
  src/types/bigint.ts:
    id: 3ca6e3280e43
    last_write_checksum: sha1:58178437a7d38f022b5d9bef691ba5539fad4655
    pristine_git_object: f32ee5fe6a2dbf82bd2d1ec7c17cd2987bcff1d6
  src/types/blobs.ts:
    id: f8ab9b326c86
    last_write_checksum: sha1:9cc86e0e9420999afb48d53c57d71584be745fd7
    pristine_git_object: c1cc513af4ca0e96d1525954241592e3f57711bb
  src/types/enums.ts:
    id: 4d03ddfe5100
    last_write_checksum: sha1:384e3fc4bee3f006cd8f39556a44b3508597b8e5
    pristine_git_object: 6fb6d9109d8a9f27160bdb3a20456a5c3a608a51
  src/types/fp.ts:
    id: ae9f0fb8aab6
    last_write_checksum: sha1:d24994d58f37a1ca106847fcc6d2e976c6f1c093
    pristine_git_object: ccbe51eac69dfb0da5131f14fd753c4b47c1d527
  src/types/rfcdate.ts:
    id: 9eb64906dcd6
    last_write_checksum: sha1:8e5f382e02fe21c2f2e24deb1b7bbf8cddd3dd16
    pristine_git_object: c79b3f53a3dd922aa2ace5a4191c8652cf9a8e89
  src/types/streams.ts:
    id: f99be9c4bf14
    last_write_checksum: sha1:cc9ced2dd34a76c3a1bd7784ccda1cc3b37ab9a9
    pristine_git_object: a0163e7a99cea88f21d0ad4ce3af1c720180ee20
  tsconfig.json:
    id: 61ebb9fd6e8c
    last_write_checksum: sha1:2a1769fabf9e934fa0b118db46d3b66cb500a6b7
    pristine_git_object: 0ca48942a1b9cd923d614985dfb81f0dc7e1d298
examples:
  list_incidents:
    speakeasy-default-list-incidents:
      responses:
        "200":
          application/json: {}
  create_incident:
    speakeasy-default-create-incident:
      requestBody:
        application/json: {"name": "<value>", "skip_incident_type_values": false}
      responses:
        "201":
          application/json: {}
  list_incident_retrospectives:
    speakeasy-default-list-incident-retrospectives:
      parameters:
        path:
          incident_id: "<id>"
      responses:
        "200":
          application/json: {}
  update_incident_retrospective_field:
    speakeasy-default-update-incident-retrospective-field:
      parameters:
        path:
          retrospective_id: "<id>"
          field_id: "<id>"
          incident_id: "<id>"
      requestBody:
        application/json: {"value": "<value>"}
      responses:
        "200":
          application/json: {}
  list_alerts:
    speakeasy-default-list-alerts:
      responses:
        "200":
          application/json: {"data": null}
examplesVersion: 1.0.2
generatedTests: {}
releaseNotes: |
  ## Mcp-typescript SDK Changes:
  * `FireHydrant.Retrospectives.list_incident_retrospectives()`:  `response.data[].fields[].retrospective_field_id` **Added**
  * `FireHydrant.Retrospectives.update_incident_retrospective_field()`:  `response.retrospective_field_id` **Added**
generatedFiles:
  - .dxtignore
  - .gitattributes
  - .npmignore
  - eslint.config.mjs
  - manifest.json
  - package.json
  - src/core.ts
  - src/funcs/alertsListAlerts.ts
  - src/funcs/incidentsCreateIncident.ts
  - src/funcs/incidentsListIncidents.ts
  - src/funcs/retrospectivesListIncidentRetrospectives.ts
  - src/funcs/retrospectivesUpdateIncidentRetrospectiveField.ts
  - src/hooks/hooks.ts
  - src/hooks/types.ts
  - src/lib/base64.ts
  - src/lib/config.ts
  - src/lib/dlv.ts
  - src/lib/encodings.ts
  - src/lib/files.ts
  - src/lib/http.ts
  - src/lib/is-plain-object.ts
  - src/lib/logger.ts
  - src/lib/matchers.ts
  - src/lib/primitives.ts
  - src/lib/result.ts
  - src/lib/retries.ts
  - src/lib/schemas.ts
  - src/lib/sdks.ts
  - src/lib/security.ts
  - src/lib/url.ts
  - src/mcp-server/build.mts
  - src/mcp-server/cli.ts
  - src/mcp-server/cli/start/command.ts
  - src/mcp-server/cli/start/impl.ts
  - src/mcp-server/console-logger.ts
  - src/mcp-server/extensions.ts
  - src/mcp-server/mcp-server.ts
  - src/mcp-server/prompts.ts
  - src/mcp-server/resources.ts
  - src/mcp-server/scopes.ts
  - src/mcp-server/server.ts
  - src/mcp-server/shared.ts
  - src/mcp-server/tools.ts
  - src/mcp-server/tools/alertsListAlerts.ts
  - src/mcp-server/tools/incidentsCreateIncident.ts
  - src/mcp-server/tools/incidentsListIncidents.ts
  - src/mcp-server/tools/retrospectivesListIncidentRetrospectives.ts
  - src/mcp-server/tools/retrospectivesUpdateIncidentRetrospectiveField.ts
  - src/models/alertsalertentity.ts
  - src/models/alertsalertentitypaginated.ts
  - src/models/alertssirenalertentity.ts
  - src/models/alertssirenevententity.ts
  - src/models/authorentity.ts
  - src/models/conversationsapientitiesreference.ts
  - src/models/createincident.ts
  - src/models/createincidentop.ts
  - src/models/customfieldsfieldvalue.ts
  - src/models/errors/apierror.ts
  - src/models/errors/httpclienterrors.ts
  - src/models/errors/sdkvalidationerror.ts
  - src/models/incidententity.ts
  - src/models/incidententityfieldrequiremententity.ts
  - src/models/incidententitypaginated.ts
  - src/models/incidentschannelentity.ts
  - src/models/incidentsconferencebridgeentity.ts
  - src/models/incidentsimpactentity.ts
  - src/models/incidentslifecyclemeasuremententity.ts
  - src/models/incidentslifecyclemilestoneentity.ts
  - src/models/incidentslifecyclephaseentity.ts
  - src/models/incidentsmilestoneentity.ts
  - src/models/incidentsretrospectiveentity.ts
  - src/models/incidentsretrospectiveentitypaginated.ts
  - src/models/incidentsretrospectiveentitysectionentity.ts
  - src/models/incidentsretrospectivefieldentity.ts
  - src/models/incidentsroleassignmententity.ts
  - src/models/incidentsstatuspageentity.ts
  - src/models/incidentsteamassignmententitylite.ts
  - src/models/listalertsop.ts
  - src/models/listincidentretrospectivesop.ts
  - src/models/listincidentsop.ts
  - src/models/nullableattachmentslinkentity.ts
  - src/models/nullableauthorentity.ts
  - src/models/nullableconversationsapientitieschannel.ts
  - src/models/nullableeventnoteentity.ts
  - src/models/nullableincidentroleentity.ts
  - src/models/nullableincidentscontextobjectentity.ts
  - src/models/nullableintegrationentity.ts
  - src/models/nullableorganizationentity.ts
  - src/models/nullablepaginationentity.ts
  - src/models/nullableseveritymatrixconditionentity.ts
  - src/models/nullableseveritymatriximpactentity.ts
  - src/models/nullablesignalsapiruleentity.ts
  - src/models/nullablesignalsapitargetentity.ts
  - src/models/nullablesuccinctentity.ts
  - src/models/nullableteamentitylite.ts
  - src/models/nullableticketingpriorityentity.ts
  - src/models/nullableticketingticketentity.ts
  - src/models/nullableuserentity.ts
  - src/models/publicapiv1incidentssuccinctentity.ts
  - src/models/security.ts
  - src/models/signalsapinotificationpolicyitemcomplianceentity.ts
  - src/models/succinctentity.ts
  - src/models/ticketingticketentity.ts
  - src/models/updateincidentretrospectivefield.ts
  - src/models/updateincidentretrospectivefieldop.ts
  - src/types/async.ts
  - src/types/blobs.ts
  - src/types/enums.ts
  - src/types/fp.ts
  - src/types/rfcdate.ts
  - src/types/streams.ts
  - tsconfig.json
