speakeasyVersion: 1.606.3
sources:
    FireHydrant-OAS:
        sourceNamespace: fire-hydrant-mcp-oas
        sourceRevisionDigest: sha256:7b815c4f3643a63af14ccc468e3bc759ba6f086e074da4c1e4902d9a91f954a4
        sourceBlobDigest: sha256:05ad2cdbc373e1a5ac9d6e021e75e8dbbf8a9cea3890c1406a7aaf3e253fb253
        tags:
            - latest
            - speakeasy-sdk-regen-1755216278
            - 0.0.1
targets:
    fire-hydrant:
        source: FireHydrant-OAS
        sourceNamespace: fire-hydrant-mcp-oas
        sourceRevisionDigest: sha256:7b815c4f3643a63af14ccc468e3bc759ba6f086e074da4c1e4902d9a91f954a4
        sourceBlobDigest: sha256:05ad2cdbc373e1a5ac9d6e021e75e8dbbf8a9cea3890c1406a7aaf3e253fb253
workflow:
    workflowVersion: 1.0.0
    speakeasyVersion: latest
    sources:
        FireHydrant-OAS:
            inputs:
                - location: registry.speakeasyapi.dev/firehydrant/firehydrant/firehydrant-oas:main
            overlays:
                - location: .speakeasy/overlay.mcp.yaml
            output: .speakeasy/openapi.output.yaml
            registry:
                location: registry.speakeasyapi.dev/firehydrant/firehydrant/fire-hydrant-mcp-oas
    targets:
        fire-hydrant:
            target: mcp-typescript
            source: FireHydrant-OAS
            publish:
                npm:
                    token: $npm_token
