speakeasyVersion: 1.668.0
sources:
    FireHydrant-OAS:
        sourceNamespace: fire-hydrant-mcp-oas
        sourceRevisionDigest: sha256:7664a6a9179984a6fafa08163b51f9a86236cf6b6cd376a4efc6b9b24a0a91da
        sourceBlobDigest: sha256:dab94a33de1c15ebce4467d63d88eb68839f56bfcbb72035bc8d386c0f91b134
        tags:
            - latest
            - speakeasy-sdk-regen-1762560281
            - 0.0.1
targets:
    fire-hydrant:
        source: FireHydrant-OAS
        sourceNamespace: fire-hydrant-mcp-oas
        sourceRevisionDigest: sha256:7664a6a9179984a6fafa08163b51f9a86236cf6b6cd376a4efc6b9b24a0a91da
        sourceBlobDigest: sha256:dab94a33de1c15ebce4467d63d88eb68839f56bfcbb72035bc8d386c0f91b134
workflow:
    workflowVersion: 1.0.0
    speakeasyVersion: latest
    sources:
        FireHydrant-OAS:
            inputs:
                - location: registry.speakeasyapi.dev/firehydrant/firehydrant/firehydrant-oas:main
            overlays:
                - location: .speakeasy/overlay.mcp.yaml
            output: .speakeasy/openapi.output.yaml
            registry:
                location: registry.speakeasyapi.dev/firehydrant/firehydrant/fire-hydrant-mcp-oas
    targets:
        fire-hydrant:
            target: mcp-typescript
            source: FireHydrant-OAS
            publish:
                npm:
                    token: $npm_token
