speakeasyVersion: 1.680.3
sources:
    FireHydrant-OAS:
        sourceNamespace: fire-hydrant-mcp-oas
        sourceRevisionDigest: sha256:83a0b6e9ed0867985e3d1353b6d295364c7f3054d3642783f854d9d25d79a9c0
        sourceBlobDigest: sha256:251933c525d4a51956aba536d41498065663f49575c21c31c9798efc3917fdbe
        tags:
            - latest
            - speakeasy-sdk-regen-1766016260
            - 0.0.1
targets:
    fire-hydrant:
        source: FireHydrant-OAS
        sourceNamespace: fire-hydrant-mcp-oas
        sourceRevisionDigest: sha256:83a0b6e9ed0867985e3d1353b6d295364c7f3054d3642783f854d9d25d79a9c0
        sourceBlobDigest: sha256:251933c525d4a51956aba536d41498065663f49575c21c31c9798efc3917fdbe
workflow:
    workflowVersion: 1.0.0
    speakeasyVersion: latest
    sources:
        FireHydrant-OAS:
            inputs:
                - location: registry.speakeasyapi.dev/firehydrant/firehydrant/firehydrant-oas:main
            overlays:
                - location: .speakeasy/overlay.mcp.yaml
            output: .speakeasy/openapi.output.yaml
            registry:
                location: registry.speakeasyapi.dev/firehydrant/firehydrant/fire-hydrant-mcp-oas
    targets:
        fire-hydrant:
            target: mcp-typescript
            source: FireHydrant-OAS
            publish:
                npm:
                    token: $npm_token
